PODS:
  - OHHTTPStubs (5.2.3):
    - OHHTTPStubs/Default (= 5.2.3)
  - OHHTTPStubs/Core (5.2.3)
  - OHHTTPStubs/Default (5.2.3):
    - OHHTTPStubs/Core
    - OHHTTPStubs/JSON
    - OHHTTPStubs/NSURLSession
    - OHHTTPStubs/OHPathHelpers
  - OHHTTPStubs/JSON (5.2.3):
    - OHHTTPStubs/Core
  - OHHTTPStubs/NSURLSession (5.2.3):
    - OHHTTPStubs/Core
  - OHHTTPStubs/OHPathHelpers (5.2.3)
  - OHHTTPStubs/Swift (5.2.3):
    - OHHTTPStubs/Core

DEPENDENCIES:
  - OHHTTPStubs (= 5.2.3)
  - OHHTTPStubs/Swift (= 5.2.3)

SPEC CHECKSUMS:
  OHHTTPStubs: e238cd5b66d8efa51c861db45895de8fe079f4a7

PODFILE CHECKSUM: ac46560f64f57ef366e508c10baced2771fd30cc

COCOAPODS: 1.1.1
